
Microsoft Visual Studio Solution File, Format Version 12.00
# Visual Studio 14
VisualStudioVersion = 14.0.23107.0
MinimumVisualStudioVersion = 10.0.40219.1
Project("{FAE04EC0-301F-11D3-BF4B-00C04F79EFBC}") = "RediSql", "RedisSqlCache\RediSql.csproj", "{666FE4B7-0A6B-44DF-B179-C394234E33DE}"
	ProjectSection(ProjectDependencies) = postProject
		{CABBBA96-75AF-4F10-96AB-72B814B5A97E} = {CABBBA96-75AF-4F10-96AB-72B814B5A97E}
	EndProjectSection
EndProject
Project("{FAE04EC0-301F-11D3-BF4B-00C04F79EFBC}") = "InstallerScriptGenerator", "InstallerScriptGenerator\InstallerScriptGenerator.csproj", "{CABBBA96-75AF-4F10-96AB-72B814B5A97E}"
EndProject
Project("{FAE04EC0-301F-11D3-BF4B-00C04F79EFBC}") = "SqlClrDeclarations", "SqlClrDeclarations\SqlClrDeclarations.csproj", "{56C24720-8053-4CF5-8BF8-BAE7DBA78424}"
EndProject
Project("{FAE04EC0-301F-11D3-BF4B-00C04F79EFBC}") = "Checks", "Checks\Checks.csproj", "{A726DF9E-E4F2-470E-8E4D-B8A760D80653}"
EndProject
Global
	GlobalSection(SolutionConfigurationPlatforms) = preSolution
		Debug|Any CPU = Debug|Any CPU
		Release|Any CPU = Release|Any CPU
	EndGlobalSection
	GlobalSection(ProjectConfigurationPlatforms) = postSolution
		{666FE4B7-0A6B-44DF-B179-C394234E33DE}.Debug|Any CPU.ActiveCfg = Debug|Any CPU
		{666FE4B7-0A6B-44DF-B179-C394234E33DE}.Debug|Any CPU.Build.0 = Debug|Any CPU
		{666FE4B7-0A6B-44DF-B179-C394234E33DE}.Release|Any CPU.ActiveCfg = Release|Any CPU
		{666FE4B7-0A6B-44DF-B179-C394234E33DE}.Release|Any CPU.Build.0 = Release|Any CPU
		{CABBBA96-75AF-4F10-96AB-72B814B5A97E}.Debug|Any CPU.ActiveCfg = Debug|Any CPU
		{CABBBA96-75AF-4F10-96AB-72B814B5A97E}.Debug|Any CPU.Build.0 = Debug|Any CPU
		{CABBBA96-75AF-4F10-96AB-72B814B5A97E}.Release|Any CPU.ActiveCfg = Release|Any CPU
		{CABBBA96-75AF-4F10-96AB-72B814B5A97E}.Release|Any CPU.Build.0 = Release|Any CPU
		{56C24720-8053-4CF5-8BF8-BAE7DBA78424}.Debug|Any CPU.ActiveCfg = Debug|Any CPU
		{56C24720-8053-4CF5-8BF8-BAE7DBA78424}.Debug|Any CPU.Build.0 = Debug|Any CPU
		{56C24720-8053-4CF5-8BF8-BAE7DBA78424}.Release|Any CPU.ActiveCfg = Release|Any CPU
		{56C24720-8053-4CF5-8BF8-BAE7DBA78424}.Release|Any CPU.Build.0 = Release|Any CPU
		{A726DF9E-E4F2-470E-8E4D-B8A760D80653}.Debug|Any CPU.ActiveCfg = Debug|Any CPU
		{A726DF9E-E4F2-470E-8E4D-B8A760D80653}.Debug|Any CPU.Build.0 = Debug|Any CPU
		{A726DF9E-E4F2-470E-8E4D-B8A760D80653}.Release|Any CPU.ActiveCfg = Release|Any CPU
		{A726DF9E-E4F2-470E-8E4D-B8A760D80653}.Release|Any CPU.Build.0 = Release|Any CPU
	EndGlobalSection
	GlobalSection(SolutionProperties) = preSolution
		HideSolutionNode = FALSE
	EndGlobalSection
EndGlobal
